
Microsoft Visual Studio Solution File, Format Version 12.00
# Visual Studio Version 16
VisualStudioVersion = 16.0.30002.166
MinimumVisualStudioVersion = 10.0.40219.1
Project("{FAE04EC0-301F-11D3-BF4B-00C04F79EFBC}") = "game", "game.csproj", "{4C71108D-1074-48B5-A9FE-2EF003B422E7}"
EndProject
Global
	GlobalSection(SolutionConfigurationPlatforms) = preSolution
		Debug|Any CPU = Debug|Any CPU
		Release|Any CPU = Release|Any CPU
	EndGlobalSection
	GlobalSection(ProjectConfigurationPlatforms) = postSolution
		{4C71108D-1074-48B5-A9FE-2EF003B422E7}.Debug|Any CPU.ActiveCfg = Debug|Any CPU
		{4C71108D-1074-48B5-A9FE-2EF003B422E7}.Debug|Any CPU.Build.0 = Debug|Any CPU
		{4C71108D-1074-48B5-A9FE-2EF003B422E7}.Release|Any CPU.ActiveCfg = Release|Any CPU
		{4C71108D-1074-48B5-A9FE-2EF003B422E7}.Release|Any CPU.Build.0 = Release|Any CPU
	EndGlobalSection
	GlobalSection(SolutionProperties) = preSolution
		HideSolutionNode = FALSE
	EndGlobalSection
	GlobalSection(ExtensibilityGlobals) = postSolution
		SolutionGuid = {414DB162-7E80-44F7-9617-9528AD4BB295}
	EndGlobalSection
EndGlobal
